
Microsoft Visual Studio Solution File, Format Version 12.00
# Visual Studio 15
VisualStudioVersion = 15.0.28010.2048
MinimumVisualStudioVersion = 10.0.40219.1
Project("{FAE04EC0-301F-11D3-BF4B-00C04F79EFBC}") = "01_HelloWorld", "01_HelloWorld\01_HelloWorld.csproj", "{E4EA78F3-F100-4805-8AB9-F5BEEF8ADD2E}"
EndProject
Project("{FAE04EC0-301F-11D3-BF4B-00C04F79EFBC}") = "02_Variables", "02_Variables\02_Variables.csproj", "{ED6126BF-C2AD-464A-BBEE-5D63C88552E5}"
EndProject
Global
	GlobalSection(SolutionConfigurationPlatforms) = preSolution
		Debug|Any CPU = Debug|Any CPU
		Release|Any CPU = Release|Any CPU
	EndGlobalSection
	GlobalSection(ProjectConfigurationPlatforms) = postSolution
		{E4EA78F3-F100-4805-8AB9-F5BEEF8ADD2E}.Debug|Any CPU.ActiveCfg = Debug|Any CPU
		{E4EA78F3-F100-4805-8AB9-F5BEEF8ADD2E}.Debug|Any CPU.Build.0 = Debug|Any CPU
		{E4EA78F3-F100-4805-8AB9-F5BEEF8ADD2E}.Release|Any CPU.ActiveCfg = Release|Any CPU
		{E4EA78F3-F100-4805-8AB9-F5BEEF8ADD2E}.Release|Any CPU.Build.0 = Release|Any CPU
		{ED6126BF-C2AD-464A-BBEE-5D63C88552E5}.Debug|Any CPU.ActiveCfg = Debug|Any CPU
		{ED6126BF-C2AD-464A-BBEE-5D63C88552E5}.Debug|Any CPU.Build.0 = Debug|Any CPU
		{ED6126BF-C2AD-464A-BBEE-5D63C88552E5}.Release|Any CPU.ActiveCfg = Release|Any CPU
		{ED6126BF-C2AD-464A-BBEE-5D63C88552E5}.Release|Any CPU.Build.0 = Release|Any CPU
	EndGlobalSection
	GlobalSection(SolutionProperties) = preSolution
		HideSolutionNode = FALSE
	EndGlobalSection
	GlobalSection(ExtensibilityGlobals) = postSolution
		SolutionGuid = {1049C4CE-E909-4814-B8D7-D49BFA2EBB8A}
	EndGlobalSection
EndGlobal
